{
  "nodes": {
    "nixos-2311": {
      "locked": {
        "lastModified": 1715208893,
        "narHash": "sha256-e94H560q3aJiFyDA5aIZsqiIdOoCWjwqr0tWFc5rEyc=",
        "owner": "NixOS",
        "repo": "nixpkgs",
        "rev": "0ae45d09b213884f74770eb389d0cd6db0c112ac",
        "type": "github"
      },
      "original": {
        "owner": "NixOS",
        "ref": "release-23.11",
        "repo": "nixpkgs",
        "type": "github"
      }
    },
    "nixos-unstable": {
      "locked": {
        "lastModified": 1715142527,
        "narHash": "sha256-8OCDTDZzmkhoJ0HzZd/wkUfdAES9e0Jsp3qb5sM/Jys=",
        "owner": "NixOS",
        "repo": "nixpkgs",
        "rev": "0efaf283bd6e3b9ecf6e961d2305bf2e1a9f49c9",
        "type": "github"
      },
      "original": {
        "owner": "NixOS",
        "ref": "nixos-unstable-small",
        "repo": "nixpkgs",
        "type": "github"
      }
    },
    "root": {
      "inputs": {
        "nixos-2311": "nixos-2311",
        "nixos-unstable": "nixos-unstable"
      }
    }
  },
  "root": "root",
  "version": 7
}
